
Microsoft Visual Studio Solution File, Format Version 12.00
# Visual Studio Version 17
VisualStudioVersion = 17.10.35122.118
MinimumVisualStudioVersion = 10.0.40219.1
Project("{9A19103F-16F7-4668-BE54-9A1E7A4F7556}") = "FinalProjectApi", "FinalProjectApi\FinalProjectApi.csproj", "{0A7718F5-A905-46BD-B6AB-DB36571FA5D2}"
EndProject
Project("{FAE04EC0-301F-11D3-BF4B-00C04F79EFBC}") = "FinalProject.Core", "FinalProject.Core\FinalProject.Core.csproj", "{75F51F2C-AC4D-43D0-AC2D-991D1906C8DB}"
EndProject
Project("{FAE04EC0-301F-11D3-BF4B-00C04F79EFBC}") = "FinalProject.Repository", "FinalProject.Repository\FinalProject.Repository.csproj", "{1047B29B-B2DE-4E80-AC9E-A07369050208}"
EndProject
Project("{FAE04EC0-301F-11D3-BF4B-00C04F79EFBC}") = "FinalProject.Services", "FinalProject.Services\FinalProject.Services.csproj", "{0DB41A5B-67A4-406F-A7E3-A8269E921041}"
EndProject
Global
	GlobalSection(SolutionConfigurationPlatforms) = preSolution
		Debug|Any CPU = Debug|Any CPU
		Release|Any CPU = Release|Any CPU
	EndGlobalSection
	GlobalSection(ProjectConfigurationPlatforms) = postSolution
		{0A7718F5-A905-46BD-B6AB-DB36571FA5D2}.Debug|Any CPU.ActiveCfg = Debug|Any CPU
		{0A7718F5-A905-46BD-B6AB-DB36571FA5D2}.Debug|Any CPU.Build.0 = Debug|Any CPU
		{0A7718F5-A905-46BD-B6AB-DB36571FA5D2}.Release|Any CPU.ActiveCfg = Release|Any CPU
		{0A7718F5-A905-46BD-B6AB-DB36571FA5D2}.Release|Any CPU.Build.0 = Release|Any CPU
		{75F51F2C-AC4D-43D0-AC2D-991D1906C8DB}.Debug|Any CPU.ActiveCfg = Debug|Any CPU
		{75F51F2C-AC4D-43D0-AC2D-991D1906C8DB}.Debug|Any CPU.Build.0 = Debug|Any CPU
		{75F51F2C-AC4D-43D0-AC2D-991D1906C8DB}.Release|Any CPU.ActiveCfg = Release|Any CPU
		{75F51F2C-AC4D-43D0-AC2D-991D1906C8DB}.Release|Any CPU.Build.0 = Release|Any CPU
		{1047B29B-B2DE-4E80-AC9E-A07369050208}.Debug|Any CPU.ActiveCfg = Debug|Any CPU
		{1047B29B-B2DE-4E80-AC9E-A07369050208}.Debug|Any CPU.Build.0 = Debug|Any CPU
		{1047B29B-B2DE-4E80-AC9E-A07369050208}.Release|Any CPU.ActiveCfg = Release|Any CPU
		{1047B29B-B2DE-4E80-AC9E-A07369050208}.Release|Any CPU.Build.0 = Release|Any CPU
		{0DB41A5B-67A4-406F-A7E3-A8269E921041}.Debug|Any CPU.ActiveCfg = Debug|Any CPU
		{0DB41A5B-67A4-406F-A7E3-A8269E921041}.Debug|Any CPU.Build.0 = Debug|Any CPU
		{0DB41A5B-67A4-406F-A7E3-A8269E921041}.Release|Any CPU.ActiveCfg = Release|Any CPU
		{0DB41A5B-67A4-406F-A7E3-A8269E921041}.Release|Any CPU.Build.0 = Release|Any CPU
	EndGlobalSection
	GlobalSection(SolutionProperties) = preSolution
		HideSolutionNode = FALSE
	EndGlobalSection
	GlobalSection(ExtensibilityGlobals) = postSolution
		SolutionGuid = {8F697EA0-C300-4D40-8B97-CDB39A140557}
	EndGlobalSection
EndGlobal
